
Microsoft Visual Studio Solution File, Format Version 12.00
# Visual Studio Version 17
VisualStudioVersion = 17.0.31903.59
MinimumVisualStudioVersion = 10.0.40219.1
Project("{9A19103F-16F7-4668-BE54-9A1E7A4F7556}") = "CorsairLink", "CorsairLink\CorsairLink.csproj", "{E0167E3C-34F6-4F67-92D8-8769BF72991B}"
EndProject
Project("{9A19103F-16F7-4668-BE54-9A1E7A4F7556}") = "FanControl.CorsairLink", "FanControl.CorsairLink\FanControl.CorsairLink.csproj", "{1225B205-64F2-46A6-B20F-F9EB2F5E8F87}"
EndProject
Project("{9A19103F-16F7-4668-BE54-9A1E7A4F7556}") = "CorsairLink.Abstractions", "CorsairLink.Abstractions\CorsairLink.Abstractions.csproj", "{5B2539DD-E62B-4A73-A635-38A9EE3E5823}"
EndProject
Project("{9A19103F-16F7-4668-BE54-9A1E7A4F7556}") = "TestingApp", "TestingApp\TestingApp.csproj", "{4E276246-EBDD-4119-9EAA-2BC212999B57}"
EndProject
Project("{9A19103F-16F7-4668-BE54-9A1E7A4F7556}") = "CorsairLink.Synchronization", "CorsairLink.Synchronization\CorsairLink.Synchronization.csproj", "{14879B61-7857-43B0-9AC3-1389D638800B}"
EndProject
Project("{9A19103F-16F7-4668-BE54-9A1E7A4F7556}") = "CorsairLink.Tests", "..\test\CorsairLink.Tests\CorsairLink.Tests.csproj", "{AAE95C56-EC14-4D97-AD29-F6FE70434665}"
EndProject
Project("{2150E333-8FDC-42A3-9474-1A3956D46DE8}") = "devices", "devices", "{C44527E6-C6F5-4957-B8A9-E8388416E54E}"
EndProject
Project("{FAE04EC0-301F-11D3-BF4B-00C04F79EFBC}") = "CorsairLink.Devices.CommanderCore", "devices\commander_core\CorsairLink.Devices.CommanderCore.csproj", "{651FE5D0-E074-4358-AC10-610B174A86A4}"
EndProject
Project("{FAE04EC0-301F-11D3-BF4B-00C04F79EFBC}") = "CorsairLink.Devices.CommanderPro", "devices\commander_pro\CorsairLink.Devices.CommanderPro.csproj", "{A605D0D6-4EEB-4F92-8820-A098073A2DA9}"
EndProject
Project("{FAE04EC0-301F-11D3-BF4B-00C04F79EFBC}") = "CorsairLink.Devices.HydroPlatinum", "devices\hydro_platinum\CorsairLink.Devices.HydroPlatinum.csproj", "{B90F1C2E-F1BA-4F19-9D65-6F7555F9CF5B}"
EndProject
Project("{FAE04EC0-301F-11D3-BF4B-00C04F79EFBC}") = "CorsairLink.Devices.Coolit", "devices\coolit\CorsairLink.Devices.Coolit.csproj", "{26EE84F3-556F-4391-8925-58E28E9E7127}"
EndProject
Project("{FAE04EC0-301F-11D3-BF4B-00C04F79EFBC}") = "CorsairLink.Devices.HidPsu", "devices\hid_psu\CorsairLink.Devices.HidPsu.csproj", "{7EF049F2-EAA7-4DF4-B724-0B00D062984A}"
EndProject
Project("{FAE04EC0-301F-11D3-BF4B-00C04F79EFBC}") = "CorsairLink.Hid", "CorsairLink.Hid\CorsairLink.Hid.csproj", "{B863A1E2-3734-4128-9745-EE4F68DBF83D}"
EndProject
Global
	GlobalSection(SolutionConfigurationPlatforms) = preSolution
		Debug|Any CPU = Debug|Any CPU
		Release|Any CPU = Release|Any CPU
	EndGlobalSection
	GlobalSection(ProjectConfigurationPlatforms) = postSolution
		{E0167E3C-34F6-4F67-92D8-8769BF72991B}.Debug|Any CPU.ActiveCfg = Debug|Any CPU
		{E0167E3C-34F6-4F67-92D8-8769BF72991B}.Debug|Any CPU.Build.0 = Debug|Any CPU
		{E0167E3C-34F6-4F67-92D8-8769BF72991B}.Release|Any CPU.ActiveCfg = Release|Any CPU
		{E0167E3C-34F6-4F67-92D8-8769BF72991B}.Release|Any CPU.Build.0 = Release|Any CPU
		{1225B205-64F2-46A6-B20F-F9EB2F5E8F87}.Debug|Any CPU.ActiveCfg = Debug|Any CPU
		{1225B205-64F2-46A6-B20F-F9EB2F5E8F87}.Debug|Any CPU.Build.0 = Debug|Any CPU
		{1225B205-64F2-46A6-B20F-F9EB2F5E8F87}.Release|Any CPU.ActiveCfg = Release|Any CPU
		{1225B205-64F2-46A6-B20F-F9EB2F5E8F87}.Release|Any CPU.Build.0 = Release|Any CPU
		{5B2539DD-E62B-4A73-A635-38A9EE3E5823}.Debug|Any CPU.ActiveCfg = Debug|Any CPU
		{5B2539DD-E62B-4A73-A635-38A9EE3E5823}.Debug|Any CPU.Build.0 = Debug|Any CPU
		{5B2539DD-E62B-4A73-A635-38A9EE3E5823}.Release|Any CPU.ActiveCfg = Release|Any CPU
		{5B2539DD-E62B-4A73-A635-38A9EE3E5823}.Release|Any CPU.Build.0 = Release|Any CPU
		{4E276246-EBDD-4119-9EAA-2BC212999B57}.Debug|Any CPU.ActiveCfg = Debug|Any CPU
		{4E276246-EBDD-4119-9EAA-2BC212999B57}.Debug|Any CPU.Build.0 = Debug|Any CPU
		{4E276246-EBDD-4119-9EAA-2BC212999B57}.Release|Any CPU.ActiveCfg = Release|Any CPU
		{4E276246-EBDD-4119-9EAA-2BC212999B57}.Release|Any CPU.Build.0 = Release|Any CPU
		{14879B61-7857-43B0-9AC3-1389D638800B}.Debug|Any CPU.ActiveCfg = Debug|Any CPU
		{14879B61-7857-43B0-9AC3-1389D638800B}.Debug|Any CPU.Build.0 = Debug|Any CPU
		{14879B61-7857-43B0-9AC3-1389D638800B}.Release|Any CPU.ActiveCfg = Release|Any CPU
		{14879B61-7857-43B0-9AC3-1389D638800B}.Release|Any CPU.Build.0 = Release|Any CPU
		{AAE95C56-EC14-4D97-AD29-F6FE70434665}.Debug|Any CPU.ActiveCfg = Debug|Any CPU
		{AAE95C56-EC14-4D97-AD29-F6FE70434665}.Debug|Any CPU.Build.0 = Debug|Any CPU
		{AAE95C56-EC14-4D97-AD29-F6FE70434665}.Release|Any CPU.ActiveCfg = Release|Any CPU
		{AAE95C56-EC14-4D97-AD29-F6FE70434665}.Release|Any CPU.Build.0 = Release|Any CPU
		{651FE5D0-E074-4358-AC10-610B174A86A4}.Debug|Any CPU.ActiveCfg = Debug|Any CPU
		{651FE5D0-E074-4358-AC10-610B174A86A4}.Debug|Any CPU.Build.0 = Debug|Any CPU
		{651FE5D0-E074-4358-AC10-610B174A86A4}.Release|Any CPU.ActiveCfg = Release|Any CPU
		{651FE5D0-E074-4358-AC10-610B174A86A4}.Release|Any CPU.Build.0 = Release|Any CPU
		{A605D0D6-4EEB-4F92-8820-A098073A2DA9}.Debug|Any CPU.ActiveCfg = Debug|Any CPU
		{A605D0D6-4EEB-4F92-8820-A098073A2DA9}.Debug|Any CPU.Build.0 = Debug|Any CPU
		{A605D0D6-4EEB-4F92-8820-A098073A2DA9}.Release|Any CPU.ActiveCfg = Release|Any CPU
		{A605D0D6-4EEB-4F92-8820-A098073A2DA9}.Release|Any CPU.Build.0 = Release|Any CPU
		{B90F1C2E-F1BA-4F19-9D65-6F7555F9CF5B}.Debug|Any CPU.ActiveCfg = Debug|Any CPU
		{B90F1C2E-F1BA-4F19-9D65-6F7555F9CF5B}.Debug|Any CPU.Build.0 = Debug|Any CPU
		{B90F1C2E-F1BA-4F19-9D65-6F7555F9CF5B}.Release|Any CPU.ActiveCfg = Release|Any CPU
		{B90F1C2E-F1BA-4F19-9D65-6F7555F9CF5B}.Release|Any CPU.Build.0 = Release|Any CPU
		{26EE84F3-556F-4391-8925-58E28E9E7127}.Debug|Any CPU.ActiveCfg = Debug|Any CPU
		{26EE84F3-556F-4391-8925-58E28E9E7127}.Debug|Any CPU.Build.0 = Debug|Any CPU
		{26EE84F3-556F-4391-8925-58E28E9E7127}.Release|Any CPU.ActiveCfg = Release|Any CPU
		{26EE84F3-556F-4391-8925-58E28E9E7127}.Release|Any CPU.Build.0 = Release|Any CPU
		{7EF049F2-EAA7-4DF4-B724-0B00D062984A}.Debug|Any CPU.ActiveCfg = Debug|Any CPU
		{7EF049F2-EAA7-4DF4-B724-0B00D062984A}.Debug|Any CPU.Build.0 = Debug|Any CPU
		{7EF049F2-EAA7-4DF4-B724-0B00D062984A}.Release|Any CPU.ActiveCfg = Release|Any CPU
		{7EF049F2-EAA7-4DF4-B724-0B00D062984A}.Release|Any CPU.Build.0 = Release|Any CPU
		{B863A1E2-3734-4128-9745-EE4F68DBF83D}.Debug|Any CPU.ActiveCfg = Debug|Any CPU
		{B863A1E2-3734-4128-9745-EE4F68DBF83D}.Debug|Any CPU.Build.0 = Debug|Any CPU
		{B863A1E2-3734-4128-9745-EE4F68DBF83D}.Release|Any CPU.ActiveCfg = Release|Any CPU
		{B863A1E2-3734-4128-9745-EE4F68DBF83D}.Release|Any CPU.Build.0 = Release|Any CPU
	EndGlobalSection
	GlobalSection(SolutionProperties) = preSolution
		HideSolutionNode = FALSE
	EndGlobalSection
	GlobalSection(NestedProjects) = preSolution
		{651FE5D0-E074-4358-AC10-610B174A86A4} = {C44527E6-C6F5-4957-B8A9-E8388416E54E}
		{A605D0D6-4EEB-4F92-8820-A098073A2DA9} = {C44527E6-C6F5-4957-B8A9-E8388416E54E}
		{B90F1C2E-F1BA-4F19-9D65-6F7555F9CF5B} = {C44527E6-C6F5-4957-B8A9-E8388416E54E}
		{26EE84F3-556F-4391-8925-58E28E9E7127} = {C44527E6-C6F5-4957-B8A9-E8388416E54E}
		{7EF049F2-EAA7-4DF4-B724-0B00D062984A} = {C44527E6-C6F5-4957-B8A9-E8388416E54E}
	EndGlobalSection
	GlobalSection(ExtensibilityGlobals) = postSolution
		SolutionGuid = {5ADA02C2-70F3-4CCD-93EA-684AA98C6A9E}
	EndGlobalSection
EndGlobal
